
Microsoft Visual Studio Solution File, Format Version 12.00
# Visual Studio Version 16
VisualStudioVersion = 16.0.31019.35
MinimumVisualStudioVersion = 10.0.40219.1
Project("{9A19103F-16F7-4668-BE54-9A1E7A4F7556}") = "Kentico.Xperience.Gql.Server", "Kentico.Xperience.Gql.Server\Kentico.Xperience.Gql.Server.csproj", "{6EFD1F80-167A-43E7-82F6-B1E5A8F24AC2}"
EndProject
Project("{9A19103F-16F7-4668-BE54-9A1E7A4F7556}") = "Kentico.Xperience.Gql.Web.Mvc", "Kentico.Xperience.Gql.Web.Mvc\Kentico.Xperience.Gql.Web.Mvc.csproj", "{C638FF38-79B1-4B04-A038-7FA4B1B4FAAB}"
EndProject
Project("{9A19103F-16F7-4668-BE54-9A1E7A4F7556}") = "Kentico.Xperience.Gql.Schema", "Kentico.Xperience.Gql.Schema\Kentico.Xperience.Gql.Schema.csproj", "{661CB984-7578-4606-9F54-842115DB42A6}"
EndProject
Project("{FAE04EC0-301F-11D3-BF4B-00C04F79EFBC}") = "Kentico.Xperience.Gql.Core", "Kentico.Xperience.Gql.Core\Kentico.Xperience.Gql.Core.csproj", "{E4860A3B-8264-4EF6-8223-67B0E21DFD31}"
EndProject
Global
	GlobalSection(SolutionConfigurationPlatforms) = preSolution
		Debug|Any CPU = Debug|Any CPU
		Release|Any CPU = Release|Any CPU
	EndGlobalSection
	GlobalSection(ProjectConfigurationPlatforms) = postSolution
		{6EFD1F80-167A-43E7-82F6-B1E5A8F24AC2}.Debug|Any CPU.ActiveCfg = Debug|Any CPU
		{6EFD1F80-167A-43E7-82F6-B1E5A8F24AC2}.Debug|Any CPU.Build.0 = Debug|Any CPU
		{6EFD1F80-167A-43E7-82F6-B1E5A8F24AC2}.Release|Any CPU.ActiveCfg = Release|Any CPU
		{6EFD1F80-167A-43E7-82F6-B1E5A8F24AC2}.Release|Any CPU.Build.0 = Release|Any CPU
		{C638FF38-79B1-4B04-A038-7FA4B1B4FAAB}.Debug|Any CPU.ActiveCfg = Debug|Any CPU
		{C638FF38-79B1-4B04-A038-7FA4B1B4FAAB}.Debug|Any CPU.Build.0 = Debug|Any CPU
		{C638FF38-79B1-4B04-A038-7FA4B1B4FAAB}.Release|Any CPU.ActiveCfg = Release|Any CPU
		{C638FF38-79B1-4B04-A038-7FA4B1B4FAAB}.Release|Any CPU.Build.0 = Release|Any CPU
		{661CB984-7578-4606-9F54-842115DB42A6}.Debug|Any CPU.ActiveCfg = Debug|Any CPU
		{661CB984-7578-4606-9F54-842115DB42A6}.Debug|Any CPU.Build.0 = Debug|Any CPU
		{661CB984-7578-4606-9F54-842115DB42A6}.Release|Any CPU.ActiveCfg = Release|Any CPU
		{661CB984-7578-4606-9F54-842115DB42A6}.Release|Any CPU.Build.0 = Release|Any CPU
		{E4860A3B-8264-4EF6-8223-67B0E21DFD31}.Debug|Any CPU.ActiveCfg = Debug|Any CPU
		{E4860A3B-8264-4EF6-8223-67B0E21DFD31}.Debug|Any CPU.Build.0 = Debug|Any CPU
		{E4860A3B-8264-4EF6-8223-67B0E21DFD31}.Release|Any CPU.ActiveCfg = Release|Any CPU
		{E4860A3B-8264-4EF6-8223-67B0E21DFD31}.Release|Any CPU.Build.0 = Release|Any CPU
	EndGlobalSection
	GlobalSection(SolutionProperties) = preSolution
		HideSolutionNode = FALSE
	EndGlobalSection
	GlobalSection(ExtensibilityGlobals) = postSolution
		SolutionGuid = {AA1FA170-D9F6-4B76-B527-ABF574872BBC}
	EndGlobalSection
EndGlobal
